
Microsoft Visual Studio Solution File, Format Version 12.00
Project("{FAE04EC0-301F-11D3-BF4B-00C04F79EFBC}") = "координатные четверти", "координатные четверти\координатные четверти.csproj", "{D783A918-7461-451F-9350-F8E840CE4970}"
EndProject
Project("{FAE04EC0-301F-11D3-BF4B-00C04F79EFBC}") = "треугольник", "треугольник\треугольник.csproj", "{05A15CE1-9394-443F-93FF-9B02103E485D}"
EndProject
Project("{FAE04EC0-301F-11D3-BF4B-00C04F79EFBC}") = "f-x", "f-x\f-x.csproj", "{CC864E52-8D92-4F7F-966D-E51E6517653D}"
EndProject
Project("{FAE04EC0-301F-11D3-BF4B-00C04F79EFBC}") = "Круг c центром", "Круг c центром\Круг c центром.csproj", "{A2BB3D65-3550-4519-9C06-F2B6F7E98674}"
EndProject
Project("{FAE04EC0-301F-11D3-BF4B-00C04F79EFBC}") = "N_7", "N_7\N_7.csproj", "{5F29AF02-E4CA-42E0-9885-BFAA55025CDB}"
EndProject
Project("{FAE04EC0-301F-11D3-BF4B-00C04F79EFBC}") = "N_10", "N_10\N_10.csproj", "{56E65394-0D6D-481E-9C61-5AC353DFD277}"
EndProject
Project("{FAE04EC0-301F-11D3-BF4B-00C04F79EFBC}") = "N_1", "N_1\N_1.csproj", "{FB5CDAD6-264D-4BAF-B09D-541A5DD42333}"
EndProject
Project("{FAE04EC0-301F-11D3-BF4B-00C04F79EFBC}") = "N_11", "N_11\N_11.csproj", "{40825883-B2DF-45D4-BBCE-3D5ED8A93FEC}"
EndProject
Project("{FAE04EC0-301F-11D3-BF4B-00C04F79EFBC}") = "N_9", "N_9\N_9.csproj", "{E11BB4CD-047D-4C62-B302-6631A8BBF4A6}"
EndProject
Project("{FAE04EC0-301F-11D3-BF4B-00C04F79EFBC}") = "N_12", "N_12\N_12.csproj", "{92FF8D96-C9ED-4C5D-AE56-1FBD0F103CB7}"
EndProject
Project("{FAE04EC0-301F-11D3-BF4B-00C04F79EFBC}") = "N_8_", "N_8_\N_8_.csproj", "{E132DA8B-DCFA-40CF-842C-8174C6360A82}"
EndProject
Project("{FAE04EC0-301F-11D3-BF4B-00C04F79EFBC}") = "N_8__", "N_8__\N_8__.csproj", "{0F86356E-5604-441C-8301-7E5154C7A91E}"
EndProject
Project("{FAE04EC0-301F-11D3-BF4B-00C04F79EFBC}") = "N_2", "N_2\N_2.csproj", "{E613B1FD-2DA3-4D6B-A646-5B550CFF054A}"
EndProject
Project("{FAE04EC0-301F-11D3-BF4B-00C04F79EFBC}") = "N_13", "N_13\N_13.csproj", "{1967536F-F40D-4928-803C-6B0479BE0B69}"
EndProject
Project("{FAE04EC0-301F-11D3-BF4B-00C04F79EFBC}") = "N_3", "N_3\N_3.csproj", "{532496A1-60FC-4A88-877D-D2591555CE31}"
EndProject
Project("{2150E333-8FDC-42A3-9474-1A3956D46DE8}") = "Loops", "Loops", "{AC5FF6F2-440D-4A65-8B80-E9F09D5C6054}"
EndProject
Project("{2150E333-8FDC-42A3-9474-1A3956D46DE8}") = "If", "If", "{A58FB976-A0D3-4328-81B2-A203B4D5D950}"
EndProject
Project("{FAE04EC0-301F-11D3-BF4B-00C04F79EFBC}") = "N_4", "N_4\N_4.csproj", "{91E397EA-5515-4B6F-8F8F-2FD2F0A19144}"
EndProject
Project("{FAE04EC0-301F-11D3-BF4B-00C04F79EFBC}") = "N_14", "N_14\N_14.csproj", "{05CE4666-4948-4D4D-829E-E7C304396B49}"
EndProject
Project("{FAE04EC0-301F-11D3-BF4B-00C04F79EFBC}") = "N_6_", "N_6_\N_6_.csproj", "{A17D5F34-DC7F-4BF2-8E17-BB22C6273FE4}"
EndProject
Project("{2150E333-8FDC-42A3-9474-1A3956D46DE8}") = "Loops2", "Loops2", "{09DFF3F9-0270-4E9A-B775-590DF2AEBE0D}"
EndProject
Project("{FAE04EC0-301F-11D3-BF4B-00C04F79EFBC}") = "N__1", "N__1\N__1.csproj", "{AF657DAC-5CBF-4C13-9F89-C2E833AAEFF4}"
EndProject
Project("{FAE04EC0-301F-11D3-BF4B-00C04F79EFBC}") = "N__1v2", "N__1v2\N__1v2.csproj", "{F699B78E-4780-4D15-AF24-C0E8A02A35F1}"
EndProject
Project("{FAE04EC0-301F-11D3-BF4B-00C04F79EFBC}") = "N__2", "N__2\N__2.csproj", "{506FEED3-9E2C-4C0A-9E73-A29420A096A4}"
EndProject
Project("{FAE04EC0-301F-11D3-BF4B-00C04F79EFBC}") = "N__3", "N__3\N__3.csproj", "{6407FE99-86BF-4C72-9EC0-6AB3E37EC568}"
EndProject
Project("{FAE04EC0-301F-11D3-BF4B-00C04F79EFBC}") = "N__3v2", "N__3v2\N__3v2.csproj", "{C85AF685-06F7-4A65-90C3-E64D02D01129}"
EndProject
Project("{FAE04EC0-301F-11D3-BF4B-00C04F79EFBC}") = "N__4", "N__4\N__4.csproj", "{48A82E6B-2416-4DD8-9F69-33C410AF3435}"
EndProject
Project("{FAE04EC0-301F-11D3-BF4B-00C04F79EFBC}") = "N__5", "N__5\N__5.csproj", "{5B8EA8D8-8617-4D59-8E97-AC728B152935}"
EndProject
Project("{FAE04EC0-301F-11D3-BF4B-00C04F79EFBC}") = "N__4v2", "N__4v2\N__4v2.csproj", "{FE6F78EE-BA71-45C7-A925-C62A59A20A93}"
EndProject
Project("{FAE04EC0-301F-11D3-BF4B-00C04F79EFBC}") = "N__6", "N__6\N__6.csproj", "{D6615643-5F8B-4171-A914-66EC8A559885}"
EndProject
Project("{FAE04EC0-301F-11D3-BF4B-00C04F79EFBC}") = "N__7", "N__7\N__7.csproj", "{ED3092F0-401E-483D-BA65-1203CBE3FFA2}"
EndProject
Project("{FAE04EC0-301F-11D3-BF4B-00C04F79EFBC}") = "N__8", "N__8\N__8.csproj", "{B2F9E518-78F8-4190-A61E-25DC8688AE92}"
EndProject
Project("{FAE04EC0-301F-11D3-BF4B-00C04F79EFBC}") = "N__9", "N__9\N__9.csproj", "{1F24CE52-5A0E-4912-8034-72D540737F04}"
EndProject
Project("{FAE04EC0-301F-11D3-BF4B-00C04F79EFBC}") = "N__10", "N__10\N__10.csproj", "{E56B1780-B208-4706-BD78-544457F5AF95}"
EndProject
Project("{2150E333-8FDC-42A3-9474-1A3956D46DE8}") = "Massiv", "Massiv", "{9410FC91-2311-477A-A8D2-31C5DAEC90D0}"
EndProject
Project("{FAE04EC0-301F-11D3-BF4B-00C04F79EFBC}") = "N_1mass", "N_1mass\N_1mass.csproj", "{1925E6C0-1767-4154-8823-0BD6EDE6629A}"
EndProject
Project("{FAE04EC0-301F-11D3-BF4B-00C04F79EFBC}") = "N_2mass", "N_2mass\N_2mass.csproj", "{08F9F18E-B91B-428C-9726-DECF60C87785}"
EndProject
Project("{FAE04EC0-301F-11D3-BF4B-00C04F79EFBC}") = "N_3mass", "N_3mass\N_3mass.csproj", "{78396660-D6D8-4605-B61B-58A462EF05A9}"
EndProject
Project("{FAE04EC0-301F-11D3-BF4B-00C04F79EFBC}") = "N_4mass", "N_4mass\N_4mass.csproj", "{A108B78D-18C7-43C1-80DD-A8BDFB4D13EF}"
EndProject
Project("{FAE04EC0-301F-11D3-BF4B-00C04F79EFBC}") = "N_5mass", "N_5mass\N_5mass.csproj", "{00A1B0AE-B616-4504-B9C8-81017A3FACA8}"
EndProject
Project("{FAE04EC0-301F-11D3-BF4B-00C04F79EFBC}") = "N_6mass", "N_6mass\N_6mass.csproj", "{CCEFB0F0-FDAD-4F4E-B29D-325A8AA4C9F9}"
EndProject
Project("{FAE04EC0-301F-11D3-BF4B-00C04F79EFBC}") = "N_7mass", "N_7mass\N_7mass.csproj", "{BA553B6B-79A6-44CF-8C7E-AF7BCF7E9778}"
EndProject
Project("{FAE04EC0-301F-11D3-BF4B-00C04F79EFBC}") = "N_8masss", "N_8masss\N_8masss.csproj", "{6844CF9A-0345-4E23-BC68-126AE0E3937F}"
EndProject
Project("{FAE04EC0-301F-11D3-BF4B-00C04F79EFBC}") = "N_12mass", "N_12mass\N_12mass.csproj", "{632E958E-A87F-4EEA-B5DE-CF4CF1960E5D}"
EndProject
Project("{FAE04EC0-301F-11D3-BF4B-00C04F79EFBC}") = "N_15mass", "N_15mass\N_15mass.csproj", "{0F0DA017-52DD-4DA1-A9F7-265EA0BF2651}"
EndProject
Project("{FAE04EC0-301F-11D3-BF4B-00C04F79EFBC}") = "N_21mass", "N_21mass\N_21mass.csproj", "{6C55CFC4-8192-4EBB-8F46-EF30DB704D79}"
EndProject
Project("{FAE04EC0-301F-11D3-BF4B-00C04F79EFBC}") = "N_22mass", "N_22mass\N_22mass.csproj", "{B0AF1C2D-EE99-4E16-A77C-A25CC95A01BB}"
EndProject
Project("{FAE04EC0-301F-11D3-BF4B-00C04F79EFBC}") = "N_23mass", "N_23mass\N_23mass.csproj", "{969B6A9A-48D4-494D-A147-1365ADB893DB}"
EndProject
Project("{FAE04EC0-301F-11D3-BF4B-00C04F79EFBC}") = "N_27 mass", "N_27 mass\N_27 mass.csproj", "{59068797-5B02-42E9-BF30-106C18F4A3E5}"
EndProject
Project("{FAE04EC0-301F-11D3-BF4B-00C04F79EFBC}") = "N_29mass", "N_29mass\N_29mass.csproj", "{0FDA2823-911B-4D3E-BC0B-90883A965348}"
EndProject
Project("{FAE04EC0-301F-11D3-BF4B-00C04F79EFBC}") = "N_14mass", "N_14mass\N_14mass.csproj", "{327AA4DC-2983-4368-89EB-C3EAED8D3E43}"
EndProject
Project("{FAE04EC0-301F-11D3-BF4B-00C04F79EFBC}") = "N_17mass", "N_17mass\N_17mass.csproj", "{20111625-0A09-4397-8E5E-C4AC8039C39D}"
EndProject
Project("{FAE04EC0-301F-11D3-BF4B-00C04F79EFBC}") = "N_13mass", "N_13mass\N_13mass.csproj", "{14A68B9F-8BE4-497A-B256-F71661831EB9}"
EndProject
Project("{FAE04EC0-301F-11D3-BF4B-00C04F79EFBC}") = "N_10mass", "N_10mass\N_10mass.csproj", "{6E4C44EB-FBE8-4437-A7C0-5D77644968CB}"
EndProject
Project("{FAE04EC0-301F-11D3-BF4B-00C04F79EFBC}") = "N_25mass", "N_25mass\N_25mass.csproj", "{33AD8AF6-B97C-487E-B67F-DD798ADBDF68}"
EndProject
Project("{FAE04EC0-301F-11D3-BF4B-00C04F79EFBC}") = "N_9mass", "N_9mass\N_9mass.csproj", "{4C32CF8C-AC58-49CE-B6A5-EE5249255018}"
EndProject
Project("{FAE04EC0-301F-11D3-BF4B-00C04F79EFBC}") = "N_11mass", "N_11mass\N_11mass.csproj", "{2C057181-96DF-42FB-9DC4-47DAF61074B6}"
EndProject
Project("{FAE04EC0-301F-11D3-BF4B-00C04F79EFBC}") = "N_16mass", "N_16mass\N_16mass.csproj", "{42A0A256-8A75-4FB0-93F4-89E11F635811}"
EndProject
Project("{FAE04EC0-301F-11D3-BF4B-00C04F79EFBC}") = "N_18mass", "N_18mass\N_18mass.csproj", "{D9F47876-45DC-4680-8C50-C0816A7223A7}"
EndProject
Project("{FAE04EC0-301F-11D3-BF4B-00C04F79EFBC}") = "N_19mass", "N_19mass\N_19mass.csproj", "{C1CC37A1-B177-4CFE-A708-AD0DE7A54B04}"
EndProject
Project("{FAE04EC0-301F-11D3-BF4B-00C04F79EFBC}") = "N_20mass", "N_20mass\N_20mass.csproj", "{C503F5B4-0A33-4607-86F4-40742060A174}"
EndProject
Project("{FAE04EC0-301F-11D3-BF4B-00C04F79EFBC}") = "N_24mass", "N_24mass\N_24mass.csproj", "{AB76F51A-21A0-439C-94F6-8EEAD7A66640}"
EndProject
Project("{FAE04EC0-301F-11D3-BF4B-00C04F79EFBC}") = "N_26mass", "N_26mass\N_26mass.csproj", "{8F589F6F-B95F-4890-834C-13A7374E2D27}"
EndProject
Project("{FAE04EC0-301F-11D3-BF4B-00C04F79EFBC}") = "N_28mass", "N_28mass\N_28mass.csproj", "{DC2B00E6-21C0-45FD-A679-834E3E466188}"
EndProject
Project("{2150E333-8FDC-42A3-9474-1A3956D46DE8}") = "Array", "Array", "{4B262D1C-51F1-4BE4-A4FF-DC1CCB619AB3}"
EndProject
Project("{FAE04EC0-301F-11D3-BF4B-00C04F79EFBC}") = "N_1array", "N_1array\N_1array.csproj", "{28D9E704-7728-49AD-9807-784B6A87C3D0}"
EndProject
Project("{FAE04EC0-301F-11D3-BF4B-00C04F79EFBC}") = "N_2array", "N_2array\N_2array.csproj", "{A684175E-6583-40C9-B82B-343C21B5E290}"
EndProject
Project("{FAE04EC0-301F-11D3-BF4B-00C04F79EFBC}") = "N_3array", "N_3array\N_3array.csproj", "{F440983F-E1E3-4F19-81C2-AB832A154AC1}"
EndProject
Project("{FAE04EC0-301F-11D3-BF4B-00C04F79EFBC}") = "N_4array", "N_4array\N_4array.csproj", "{9F7918D4-6BF7-4378-81C3-2AA6B90292DC}"
EndProject
Project("{FAE04EC0-301F-11D3-BF4B-00C04F79EFBC}") = "N_5array", "N_5array\N_5array.csproj", "{279B060F-57DD-411C-8E37-CD7FA1C0389A}"
EndProject
Project("{FAE04EC0-301F-11D3-BF4B-00C04F79EFBC}") = "N_6array", "N_6array\N_6array.csproj", "{C6E4718A-1611-4219-AE36-0A145805557E}"
EndProject
Project("{FAE04EC0-301F-11D3-BF4B-00C04F79EFBC}") = "N_7array", "N_7array\N_7array.csproj", "{A0B6CF45-22C4-4A9D-B86B-7E4F1D2E551A}"
EndProject
Project("{FAE04EC0-301F-11D3-BF4B-00C04F79EFBC}") = "N_8array", "N_8array\N_8array.csproj", "{28218DFB-9628-4CA1-B50E-F82E44F5D4C6}"
EndProject
Project("{FAE04EC0-301F-11D3-BF4B-00C04F79EFBC}") = "N_9array", "N_9array\N_9array.csproj", "{28B9E65B-B7B8-4EA5-B1BE-D48E59EFEA98}"
EndProject
Project("{FAE04EC0-301F-11D3-BF4B-00C04F79EFBC}") = "N_10array", "N_10array\N_10array.csproj", "{EB2AFCAA-86B5-4420-8960-F661A4A6BF54}"
EndProject
Project("{FAE04EC0-301F-11D3-BF4B-00C04F79EFBC}") = "N_11array", "N_11array\N_11array.csproj", "{E40A9636-1678-43E0-8DD3-58E1AE850538}"
EndProject
Project("{FAE04EC0-301F-11D3-BF4B-00C04F79EFBC}") = "N_15array", "N_15array\N_15array.csproj", "{5CF98C1A-63F2-4247-B10C-4803BD85414B}"
EndProject
Project("{FAE04EC0-301F-11D3-BF4B-00C04F79EFBC}") = "N_17array", "N_17array\N_17array.csproj", "{98D5FE73-42D0-4D37-A14D-BEEF2D2BDAF7}"
EndProject
Project("{FAE04EC0-301F-11D3-BF4B-00C04F79EFBC}") = "N_16array", "N_16array\N_16array.csproj", "{E9C56528-F101-4872-BA2A-BDB9A57A9BAF}"
EndProject
Project("{2150E333-8FDC-42A3-9474-1A3956D46DE8}") = "Word", "Word", "{EA152B6F-4D7C-46E2-8AB9-AA3799391E52}"
EndProject
Project("{FAE04EC0-301F-11D3-BF4B-00C04F79EFBC}") = "N_1word", "N_1word\N_1word.csproj", "{79ACA052-BB52-4869-B47D-18A1C86FFE63}"
EndProject
Project("{FAE04EC0-301F-11D3-BF4B-00C04F79EFBC}") = "N_2word", "N_2word\N_2word.csproj", "{5A93B38D-C440-4A7D-95D1-E69663466686}"
EndProject
Project("{FAE04EC0-301F-11D3-BF4B-00C04F79EFBC}") = "N_3word", "N_3word\N_3word.csproj", "{AE161CB2-C98F-4EE3-8D37-4A28CE59CD8B}"
EndProject
Project("{FAE04EC0-301F-11D3-BF4B-00C04F79EFBC}") = "N_4word", "N_4word\N_4word.csproj", "{3C38C0CB-ADF0-4EDA-AD84-B544161929F0}"
EndProject
Project("{FAE04EC0-301F-11D3-BF4B-00C04F79EFBC}") = "N_5word", "N_5word\N_5word.csproj", "{792F6DDE-E1B3-4963-B6EE-249D866AEF48}"
EndProject
Project("{FAE04EC0-301F-11D3-BF4B-00C04F79EFBC}") = "N_7word", "N_7word\N_7word.csproj", "{BADF626C-867E-4AF8-9020-DF20FFCB9E91}"
EndProject
Project("{FAE04EC0-301F-11D3-BF4B-00C04F79EFBC}") = "N_11word", "N_11word\N_11word.csproj", "{89B5A517-5C7F-4FFB-8C0A-55D074784A7E}"
EndProject
Project("{FAE04EC0-301F-11D3-BF4B-00C04F79EFBC}") = "N_9word", "N_9word\N_9word.csproj", "{EF0C82E4-A920-4F63-9018-51191C8D37ED}"
EndProject
Project("{FAE04EC0-301F-11D3-BF4B-00C04F79EFBC}") = "N_8word", "N_8word\N_8word.csproj", "{A1343E80-B05B-48CC-856D-ADF656E6C263}"
EndProject
Project("{FAE04EC0-301F-11D3-BF4B-00C04F79EFBC}") = "N_10word", "N_10word\N_10word.csproj", "{C2E675C5-EF1D-4B55-BA66-3EC31B465D87}"
EndProject
Project("{FAE04EC0-301F-11D3-BF4B-00C04F79EFBC}") = "N_6word", "N_6word\N_6word.csproj", "{84D45D91-CB7A-4975-8C86-E02B28864E11}"
EndProject
Project("{FAE04EC0-301F-11D3-BF4B-00C04F79EFBC}") = "N_9word_f", "N_9word_f\N_9word_f.csproj", "{9BC7B251-7FB8-4E59-AB15-53F2861C6C2B}"
EndProject
Project("{FAE04EC0-301F-11D3-BF4B-00C04F79EFBC}") = "N_1function", "N_1function\N_1function.csproj", "{EE978F1F-A623-4359-9369-AC38BF7A4A8E}"
EndProject
Project("{2150E333-8FDC-42A3-9474-1A3956D46DE8}") = "Function", "Function", "{E6451C0B-E008-4D19-A3FA-B1FF6558AF3D}"
EndProject
Project("{FAE04EC0-301F-11D3-BF4B-00C04F79EFBC}") = "N_2function", "N_2function\N_2function.csproj", "{41B256E6-A517-4903-9CCB-294AD60588A3}"
EndProject
Project("{FAE04EC0-301F-11D3-BF4B-00C04F79EFBC}") = "N_6function", "N_6function\N_6function.csproj", "{B84C634B-321E-40C6-85EA-D40EA74D0FF7}"
EndProject
Project("{FAE04EC0-301F-11D3-BF4B-00C04F79EFBC}") = "N_3function", "N_3function\N_3function.csproj", "{824BD28D-89EE-4623-8FCF-41FCD6511B6F}"
EndProject
Project("{FAE04EC0-301F-11D3-BF4B-00C04F79EFBC}") = "N_5function", "N_5function\N_5function.csproj", "{E86D4998-A03D-4B08-8BEE-32AA60653955}"
EndProject
Project("{FAE04EC0-301F-11D3-BF4B-00C04F79EFBC}") = "N_8function", "N_8function\N_8function.csproj", "{C91CE895-B612-42DC-AF38-FBE2C40A2DB3}"
EndProject
Project("{FAE04EC0-301F-11D3-BF4B-00C04F79EFBC}") = "N_9function", "N_9function\N_9function.csproj", "{94257CE4-7C76-4892-865D-6E96C0B751A4}"
EndProject
Project("{FAE04EC0-301F-11D3-BF4B-00C04F79EFBC}") = "N_10function", "N_10function\N_10function.csproj", "{0E72E32F-C8A3-4D71-BC47-C8194D9B9DF8}"
EndProject
Project("{FAE04EC0-301F-11D3-BF4B-00C04F79EFBC}") = "N_12function", "N_12function\N_12function.csproj", "{2760AEA5-7356-4E52-B7C0-630697DAFE59}"
EndProject
Project("{FAE04EC0-301F-11D3-BF4B-00C04F79EFBC}") = "N_13funtion", "N_13funtion\N_13funtion.csproj", "{26CE3F99-B04A-45C6-B9A8-1846E1AC79AD}"
EndProject
Project("{FAE04EC0-301F-11D3-BF4B-00C04F79EFBC}") = "N_4function", "N_4function\N_4function.csproj", "{7AC6E134-6BC9-425B-8D8D-A31F22C5A99B}"
EndProject
Project("{FAE04EC0-301F-11D3-BF4B-00C04F79EFBC}") = "N_11function", "N_11function\N_11function.csproj", "{D12D9AB7-FF94-4C85-A743-EC7FABDA79C6}"
EndProject
Project("{FAE04EC0-301F-11D3-BF4B-00C04F79EFBC}") = "N_7funtion", "N_7funtion\N_7funtion.csproj", "{C3DDFE95-8A88-4CC1-9CA8-AA224033ECAD}"
EndProject
Global
	GlobalSection(SolutionConfigurationPlatforms) = preSolution
		Debug|Any CPU = Debug|Any CPU
		Release|Any CPU = Release|Any CPU
	EndGlobalSection
	GlobalSection(ProjectConfigurationPlatforms) = postSolution
		{D783A918-7461-451F-9350-F8E840CE4970}.Debug|Any CPU.ActiveCfg = Debug|Any CPU
		{D783A918-7461-451F-9350-F8E840CE4970}.Debug|Any CPU.Build.0 = Debug|Any CPU
		{D783A918-7461-451F-9350-F8E840CE4970}.Release|Any CPU.ActiveCfg = Release|Any CPU
		{D783A918-7461-451F-9350-F8E840CE4970}.Release|Any CPU.Build.0 = Release|Any CPU
		{05A15CE1-9394-443F-93FF-9B02103E485D}.Debug|Any CPU.ActiveCfg = Debug|Any CPU
		{05A15CE1-9394-443F-93FF-9B02103E485D}.Debug|Any CPU.Build.0 = Debug|Any CPU
		{05A15CE1-9394-443F-93FF-9B02103E485D}.Release|Any CPU.ActiveCfg = Release|Any CPU
		{05A15CE1-9394-443F-93FF-9B02103E485D}.Release|Any CPU.Build.0 = Release|Any CPU
		{CC864E52-8D92-4F7F-966D-E51E6517653D}.Debug|Any CPU.ActiveCfg = Debug|Any CPU
		{CC864E52-8D92-4F7F-966D-E51E6517653D}.Debug|Any CPU.Build.0 = Debug|Any CPU
		{CC864E52-8D92-4F7F-966D-E51E6517653D}.Release|Any CPU.ActiveCfg = Release|Any CPU
		{CC864E52-8D92-4F7F-966D-E51E6517653D}.Release|Any CPU.Build.0 = Release|Any CPU
		{A2BB3D65-3550-4519-9C06-F2B6F7E98674}.Debug|Any CPU.ActiveCfg = Debug|Any CPU
		{A2BB3D65-3550-4519-9C06-F2B6F7E98674}.Debug|Any CPU.Build.0 = Debug|Any CPU
		{A2BB3D65-3550-4519-9C06-F2B6F7E98674}.Release|Any CPU.ActiveCfg = Release|Any CPU
		{A2BB3D65-3550-4519-9C06-F2B6F7E98674}.Release|Any CPU.Build.0 = Release|Any CPU
		{5F29AF02-E4CA-42E0-9885-BFAA55025CDB}.Debug|Any CPU.ActiveCfg = Debug|Any CPU
		{5F29AF02-E4CA-42E0-9885-BFAA55025CDB}.Debug|Any CPU.Build.0 = Debug|Any CPU
		{5F29AF02-E4CA-42E0-9885-BFAA55025CDB}.Release|Any CPU.ActiveCfg = Release|Any CPU
		{5F29AF02-E4CA-42E0-9885-BFAA55025CDB}.Release|Any CPU.Build.0 = Release|Any CPU
		{56E65394-0D6D-481E-9C61-5AC353DFD277}.Debug|Any CPU.ActiveCfg = Debug|Any CPU
		{56E65394-0D6D-481E-9C61-5AC353DFD277}.Debug|Any CPU.Build.0 = Debug|Any CPU
		{56E65394-0D6D-481E-9C61-5AC353DFD277}.Release|Any CPU.ActiveCfg = Release|Any CPU
		{56E65394-0D6D-481E-9C61-5AC353DFD277}.Release|Any CPU.Build.0 = Release|Any CPU
		{FB5CDAD6-264D-4BAF-B09D-541A5DD42333}.Debug|Any CPU.ActiveCfg = Debug|Any CPU
		{FB5CDAD6-264D-4BAF-B09D-541A5DD42333}.Debug|Any CPU.Build.0 = Debug|Any CPU
		{FB5CDAD6-264D-4BAF-B09D-541A5DD42333}.Release|Any CPU.ActiveCfg = Release|Any CPU
		{FB5CDAD6-264D-4BAF-B09D-541A5DD42333}.Release|Any CPU.Build.0 = Release|Any CPU
		{40825883-B2DF-45D4-BBCE-3D5ED8A93FEC}.Debug|Any CPU.ActiveCfg = Debug|Any CPU
		{40825883-B2DF-45D4-BBCE-3D5ED8A93FEC}.Debug|Any CPU.Build.0 = Debug|Any CPU
		{40825883-B2DF-45D4-BBCE-3D5ED8A93FEC}.Release|Any CPU.ActiveCfg = Release|Any CPU
		{40825883-B2DF-45D4-BBCE-3D5ED8A93FEC}.Release|Any CPU.Build.0 = Release|Any CPU
		{E11BB4CD-047D-4C62-B302-6631A8BBF4A6}.Debug|Any CPU.ActiveCfg = Debug|Any CPU
		{E11BB4CD-047D-4C62-B302-6631A8BBF4A6}.Debug|Any CPU.Build.0 = Debug|Any CPU
		{E11BB4CD-047D-4C62-B302-6631A8BBF4A6}.Release|Any CPU.ActiveCfg = Release|Any CPU
		{E11BB4CD-047D-4C62-B302-6631A8BBF4A6}.Release|Any CPU.Build.0 = Release|Any CPU
		{92FF8D96-C9ED-4C5D-AE56-1FBD0F103CB7}.Debug|Any CPU.ActiveCfg = Debug|Any CPU
		{92FF8D96-C9ED-4C5D-AE56-1FBD0F103CB7}.Debug|Any CPU.Build.0 = Debug|Any CPU
		{92FF8D96-C9ED-4C5D-AE56-1FBD0F103CB7}.Release|Any CPU.ActiveCfg = Release|Any CPU
		{92FF8D96-C9ED-4C5D-AE56-1FBD0F103CB7}.Release|Any CPU.Build.0 = Release|Any CPU
		{E132DA8B-DCFA-40CF-842C-8174C6360A82}.Debug|Any CPU.ActiveCfg = Debug|Any CPU
		{E132DA8B-DCFA-40CF-842C-8174C6360A82}.Debug|Any CPU.Build.0 = Debug|Any CPU
		{E132DA8B-DCFA-40CF-842C-8174C6360A82}.Release|Any CPU.ActiveCfg = Release|Any CPU
		{E132DA8B-DCFA-40CF-842C-8174C6360A82}.Release|Any CPU.Build.0 = Release|Any CPU
		{0F86356E-5604-441C-8301-7E5154C7A91E}.Debug|Any CPU.ActiveCfg = Debug|Any CPU
		{0F86356E-5604-441C-8301-7E5154C7A91E}.Debug|Any CPU.Build.0 = Debug|Any CPU
		{0F86356E-5604-441C-8301-7E5154C7A91E}.Release|Any CPU.ActiveCfg = Release|Any CPU
		{0F86356E-5604-441C-8301-7E5154C7A91E}.Release|Any CPU.Build.0 = Release|Any CPU
		{E613B1FD-2DA3-4D6B-A646-5B550CFF054A}.Debug|Any CPU.ActiveCfg = Debug|Any CPU
		{E613B1FD-2DA3-4D6B-A646-5B550CFF054A}.Debug|Any CPU.Build.0 = Debug|Any CPU
		{E613B1FD-2DA3-4D6B-A646-5B550CFF054A}.Release|Any CPU.ActiveCfg = Release|Any CPU
		{E613B1FD-2DA3-4D6B-A646-5B550CFF054A}.Release|Any CPU.Build.0 = Release|Any CPU
		{1967536F-F40D-4928-803C-6B0479BE0B69}.Debug|Any CPU.ActiveCfg = Debug|Any CPU
		{1967536F-F40D-4928-803C-6B0479BE0B69}.Debug|Any CPU.Build.0 = Debug|Any CPU
		{1967536F-F40D-4928-803C-6B0479BE0B69}.Release|Any CPU.ActiveCfg = Release|Any CPU
		{1967536F-F40D-4928-803C-6B0479BE0B69}.Release|Any CPU.Build.0 = Release|Any CPU
		{532496A1-60FC-4A88-877D-D2591555CE31}.Debug|Any CPU.ActiveCfg = Debug|Any CPU
		{532496A1-60FC-4A88-877D-D2591555CE31}.Debug|Any CPU.Build.0 = Debug|Any CPU
		{532496A1-60FC-4A88-877D-D2591555CE31}.Release|Any CPU.ActiveCfg = Release|Any CPU
		{532496A1-60FC-4A88-877D-D2591555CE31}.Release|Any CPU.Build.0 = Release|Any CPU
		{91E397EA-5515-4B6F-8F8F-2FD2F0A19144}.Debug|Any CPU.ActiveCfg = Debug|Any CPU
		{91E397EA-5515-4B6F-8F8F-2FD2F0A19144}.Debug|Any CPU.Build.0 = Debug|Any CPU
		{91E397EA-5515-4B6F-8F8F-2FD2F0A19144}.Release|Any CPU.ActiveCfg = Release|Any CPU
		{91E397EA-5515-4B6F-8F8F-2FD2F0A19144}.Release|Any CPU.Build.0 = Release|Any CPU
		{05CE4666-4948-4D4D-829E-E7C304396B49}.Debug|Any CPU.ActiveCfg = Debug|Any CPU
		{05CE4666-4948-4D4D-829E-E7C304396B49}.Debug|Any CPU.Build.0 = Debug|Any CPU
		{05CE4666-4948-4D4D-829E-E7C304396B49}.Release|Any CPU.ActiveCfg = Release|Any CPU
		{05CE4666-4948-4D4D-829E-E7C304396B49}.Release|Any CPU.Build.0 = Release|Any CPU
		{A17D5F34-DC7F-4BF2-8E17-BB22C6273FE4}.Debug|Any CPU.ActiveCfg = Debug|Any CPU
		{A17D5F34-DC7F-4BF2-8E17-BB22C6273FE4}.Debug|Any CPU.Build.0 = Debug|Any CPU
		{A17D5F34-DC7F-4BF2-8E17-BB22C6273FE4}.Release|Any CPU.ActiveCfg = Release|Any CPU
		{A17D5F34-DC7F-4BF2-8E17-BB22C6273FE4}.Release|Any CPU.Build.0 = Release|Any CPU
		{AF657DAC-5CBF-4C13-9F89-C2E833AAEFF4}.Debug|Any CPU.ActiveCfg = Debug|Any CPU
		{AF657DAC-5CBF-4C13-9F89-C2E833AAEFF4}.Debug|Any CPU.Build.0 = Debug|Any CPU
		{AF657DAC-5CBF-4C13-9F89-C2E833AAEFF4}.Release|Any CPU.ActiveCfg = Release|Any CPU
		{AF657DAC-5CBF-4C13-9F89-C2E833AAEFF4}.Release|Any CPU.Build.0 = Release|Any CPU
		{F699B78E-4780-4D15-AF24-C0E8A02A35F1}.Debug|Any CPU.ActiveCfg = Debug|Any CPU
		{F699B78E-4780-4D15-AF24-C0E8A02A35F1}.Debug|Any CPU.Build.0 = Debug|Any CPU
		{F699B78E-4780-4D15-AF24-C0E8A02A35F1}.Release|Any CPU.ActiveCfg = Release|Any CPU
		{F699B78E-4780-4D15-AF24-C0E8A02A35F1}.Release|Any CPU.Build.0 = Release|Any CPU
		{506FEED3-9E2C-4C0A-9E73-A29420A096A4}.Debug|Any CPU.ActiveCfg = Debug|Any CPU
		{506FEED3-9E2C-4C0A-9E73-A29420A096A4}.Debug|Any CPU.Build.0 = Debug|Any CPU
		{506FEED3-9E2C-4C0A-9E73-A29420A096A4}.Release|Any CPU.ActiveCfg = Release|Any CPU
		{506FEED3-9E2C-4C0A-9E73-A29420A096A4}.Release|Any CPU.Build.0 = Release|Any CPU
		{6407FE99-86BF-4C72-9EC0-6AB3E37EC568}.Debug|Any CPU.ActiveCfg = Debug|Any CPU
		{6407FE99-86BF-4C72-9EC0-6AB3E37EC568}.Debug|Any CPU.Build.0 = Debug|Any CPU
		{6407FE99-86BF-4C72-9EC0-6AB3E37EC568}.Release|Any CPU.ActiveCfg = Release|Any CPU
		{6407FE99-86BF-4C72-9EC0-6AB3E37EC568}.Release|Any CPU.Build.0 = Release|Any CPU
		{C85AF685-06F7-4A65-90C3-E64D02D01129}.Debug|Any CPU.ActiveCfg = Debug|Any CPU
		{C85AF685-06F7-4A65-90C3-E64D02D01129}.Debug|Any CPU.Build.0 = Debug|Any CPU
		{C85AF685-06F7-4A65-90C3-E64D02D01129}.Release|Any CPU.ActiveCfg = Release|Any CPU
		{C85AF685-06F7-4A65-90C3-E64D02D01129}.Release|Any CPU.Build.0 = Release|Any CPU
		{48A82E6B-2416-4DD8-9F69-33C410AF3435}.Debug|Any CPU.ActiveCfg = Debug|Any CPU
		{48A82E6B-2416-4DD8-9F69-33C410AF3435}.Debug|Any CPU.Build.0 = Debug|Any CPU
		{48A82E6B-2416-4DD8-9F69-33C410AF3435}.Release|Any CPU.ActiveCfg = Release|Any CPU
		{48A82E6B-2416-4DD8-9F69-33C410AF3435}.Release|Any CPU.Build.0 = Release|Any CPU
		{5B8EA8D8-8617-4D59-8E97-AC728B152935}.Debug|Any CPU.ActiveCfg = Debug|Any CPU
		{5B8EA8D8-8617-4D59-8E97-AC728B152935}.Debug|Any CPU.Build.0 = Debug|Any CPU
		{5B8EA8D8-8617-4D59-8E97-AC728B152935}.Release|Any CPU.ActiveCfg = Release|Any CPU
		{5B8EA8D8-8617-4D59-8E97-AC728B152935}.Release|Any CPU.Build.0 = Release|Any CPU
		{FE6F78EE-BA71-45C7-A925-C62A59A20A93}.Debug|Any CPU.ActiveCfg = Debug|Any CPU
		{FE6F78EE-BA71-45C7-A925-C62A59A20A93}.Debug|Any CPU.Build.0 = Debug|Any CPU
		{FE6F78EE-BA71-45C7-A925-C62A59A20A93}.Release|Any CPU.ActiveCfg = Release|Any CPU
		{FE6F78EE-BA71-45C7-A925-C62A59A20A93}.Release|Any CPU.Build.0 = Release|Any CPU
		{D6615643-5F8B-4171-A914-66EC8A559885}.Debug|Any CPU.ActiveCfg = Debug|Any CPU
		{D6615643-5F8B-4171-A914-66EC8A559885}.Debug|Any CPU.Build.0 = Debug|Any CPU
		{D6615643-5F8B-4171-A914-66EC8A559885}.Release|Any CPU.ActiveCfg = Release|Any CPU
		{D6615643-5F8B-4171-A914-66EC8A559885}.Release|Any CPU.Build.0 = Release|Any CPU
		{ED3092F0-401E-483D-BA65-1203CBE3FFA2}.Debug|Any CPU.ActiveCfg = Debug|Any CPU
		{ED3092F0-401E-483D-BA65-1203CBE3FFA2}.Debug|Any CPU.Build.0 = Debug|Any CPU
		{ED3092F0-401E-483D-BA65-1203CBE3FFA2}.Release|Any CPU.ActiveCfg = Release|Any CPU
		{ED3092F0-401E-483D-BA65-1203CBE3FFA2}.Release|Any CPU.Build.0 = Release|Any CPU
		{B2F9E518-78F8-4190-A61E-25DC8688AE92}.Debug|Any CPU.ActiveCfg = Debug|Any CPU
		{B2F9E518-78F8-4190-A61E-25DC8688AE92}.Debug|Any CPU.Build.0 = Debug|Any CPU
		{B2F9E518-78F8-4190-A61E-25DC8688AE92}.Release|Any CPU.ActiveCfg = Release|Any CPU
		{B2F9E518-78F8-4190-A61E-25DC8688AE92}.Release|Any CPU.Build.0 = Release|Any CPU
		{1F24CE52-5A0E-4912-8034-72D540737F04}.Debug|Any CPU.ActiveCfg = Debug|Any CPU
		{1F24CE52-5A0E-4912-8034-72D540737F04}.Debug|Any CPU.Build.0 = Debug|Any CPU
		{1F24CE52-5A0E-4912-8034-72D540737F04}.Release|Any CPU.ActiveCfg = Release|Any CPU
		{1F24CE52-5A0E-4912-8034-72D540737F04}.Release|Any CPU.Build.0 = Release|Any CPU
		{E56B1780-B208-4706-BD78-544457F5AF95}.Debug|Any CPU.ActiveCfg = Debug|Any CPU
		{E56B1780-B208-4706-BD78-544457F5AF95}.Debug|Any CPU.Build.0 = Debug|Any CPU
		{E56B1780-B208-4706-BD78-544457F5AF95}.Release|Any CPU.ActiveCfg = Release|Any CPU
		{E56B1780-B208-4706-BD78-544457F5AF95}.Release|Any CPU.Build.0 = Release|Any CPU
		{1925E6C0-1767-4154-8823-0BD6EDE6629A}.Debug|Any CPU.ActiveCfg = Debug|Any CPU
		{1925E6C0-1767-4154-8823-0BD6EDE6629A}.Debug|Any CPU.Build.0 = Debug|Any CPU
		{1925E6C0-1767-4154-8823-0BD6EDE6629A}.Release|Any CPU.ActiveCfg = Release|Any CPU
		{1925E6C0-1767-4154-8823-0BD6EDE6629A}.Release|Any CPU.Build.0 = Release|Any CPU
		{08F9F18E-B91B-428C-9726-DECF60C87785}.Debug|Any CPU.ActiveCfg = Debug|Any CPU
		{08F9F18E-B91B-428C-9726-DECF60C87785}.Debug|Any CPU.Build.0 = Debug|Any CPU
		{08F9F18E-B91B-428C-9726-DECF60C87785}.Release|Any CPU.ActiveCfg = Release|Any CPU
		{08F9F18E-B91B-428C-9726-DECF60C87785}.Release|Any CPU.Build.0 = Release|Any CPU
		{78396660-D6D8-4605-B61B-58A462EF05A9}.Debug|Any CPU.ActiveCfg = Debug|Any CPU
		{78396660-D6D8-4605-B61B-58A462EF05A9}.Debug|Any CPU.Build.0 = Debug|Any CPU
		{78396660-D6D8-4605-B61B-58A462EF05A9}.Release|Any CPU.ActiveCfg = Release|Any CPU
		{78396660-D6D8-4605-B61B-58A462EF05A9}.Release|Any CPU.Build.0 = Release|Any CPU
		{A108B78D-18C7-43C1-80DD-A8BDFB4D13EF}.Debug|Any CPU.ActiveCfg = Debug|Any CPU
		{A108B78D-18C7-43C1-80DD-A8BDFB4D13EF}.Debug|Any CPU.Build.0 = Debug|Any CPU
		{A108B78D-18C7-43C1-80DD-A8BDFB4D13EF}.Release|Any CPU.ActiveCfg = Release|Any CPU
		{A108B78D-18C7-43C1-80DD-A8BDFB4D13EF}.Release|Any CPU.Build.0 = Release|Any CPU
		{00A1B0AE-B616-4504-B9C8-81017A3FACA8}.Debug|Any CPU.ActiveCfg = Debug|Any CPU
		{00A1B0AE-B616-4504-B9C8-81017A3FACA8}.Debug|Any CPU.Build.0 = Debug|Any CPU
		{00A1B0AE-B616-4504-B9C8-81017A3FACA8}.Release|Any CPU.ActiveCfg = Release|Any CPU
		{00A1B0AE-B616-4504-B9C8-81017A3FACA8}.Release|Any CPU.Build.0 = Release|Any CPU
		{CCEFB0F0-FDAD-4F4E-B29D-325A8AA4C9F9}.Debug|Any CPU.ActiveCfg = Debug|Any CPU
		{CCEFB0F0-FDAD-4F4E-B29D-325A8AA4C9F9}.Debug|Any CPU.Build.0 = Debug|Any CPU
		{CCEFB0F0-FDAD-4F4E-B29D-325A8AA4C9F9}.Release|Any CPU.ActiveCfg = Release|Any CPU
		{CCEFB0F0-FDAD-4F4E-B29D-325A8AA4C9F9}.Release|Any CPU.Build.0 = Release|Any CPU
		{BA553B6B-79A6-44CF-8C7E-AF7BCF7E9778}.Debug|Any CPU.ActiveCfg = Debug|Any CPU
		{BA553B6B-79A6-44CF-8C7E-AF7BCF7E9778}.Debug|Any CPU.Build.0 = Debug|Any CPU
		{BA553B6B-79A6-44CF-8C7E-AF7BCF7E9778}.Release|Any CPU.ActiveCfg = Release|Any CPU
		{BA553B6B-79A6-44CF-8C7E-AF7BCF7E9778}.Release|Any CPU.Build.0 = Release|Any CPU
		{6844CF9A-0345-4E23-BC68-126AE0E3937F}.Debug|Any CPU.ActiveCfg = Debug|Any CPU
		{6844CF9A-0345-4E23-BC68-126AE0E3937F}.Debug|Any CPU.Build.0 = Debug|Any CPU
		{6844CF9A-0345-4E23-BC68-126AE0E3937F}.Release|Any CPU.ActiveCfg = Release|Any CPU
		{6844CF9A-0345-4E23-BC68-126AE0E3937F}.Release|Any CPU.Build.0 = Release|Any CPU
		{632E958E-A87F-4EEA-B5DE-CF4CF1960E5D}.Debug|Any CPU.ActiveCfg = Debug|Any CPU
		{632E958E-A87F-4EEA-B5DE-CF4CF1960E5D}.Debug|Any CPU.Build.0 = Debug|Any CPU
		{632E958E-A87F-4EEA-B5DE-CF4CF1960E5D}.Release|Any CPU.ActiveCfg = Release|Any CPU
		{632E958E-A87F-4EEA-B5DE-CF4CF1960E5D}.Release|Any CPU.Build.0 = Release|Any CPU
		{0F0DA017-52DD-4DA1-A9F7-265EA0BF2651}.Debug|Any CPU.ActiveCfg = Debug|Any CPU
		{0F0DA017-52DD-4DA1-A9F7-265EA0BF2651}.Debug|Any CPU.Build.0 = Debug|Any CPU
		{0F0DA017-52DD-4DA1-A9F7-265EA0BF2651}.Release|Any CPU.ActiveCfg = Release|Any CPU
		{0F0DA017-52DD-4DA1-A9F7-265EA0BF2651}.Release|Any CPU.Build.0 = Release|Any CPU
		{6C55CFC4-8192-4EBB-8F46-EF30DB704D79}.Debug|Any CPU.ActiveCfg = Debug|Any CPU
		{6C55CFC4-8192-4EBB-8F46-EF30DB704D79}.Debug|Any CPU.Build.0 = Debug|Any CPU
		{6C55CFC4-8192-4EBB-8F46-EF30DB704D79}.Release|Any CPU.ActiveCfg = Release|Any CPU
		{6C55CFC4-8192-4EBB-8F46-EF30DB704D79}.Release|Any CPU.Build.0 = Release|Any CPU
		{B0AF1C2D-EE99-4E16-A77C-A25CC95A01BB}.Debug|Any CPU.ActiveCfg = Debug|Any CPU
		{B0AF1C2D-EE99-4E16-A77C-A25CC95A01BB}.Debug|Any CPU.Build.0 = Debug|Any CPU
		{B0AF1C2D-EE99-4E16-A77C-A25CC95A01BB}.Release|Any CPU.ActiveCfg = Release|Any CPU
		{B0AF1C2D-EE99-4E16-A77C-A25CC95A01BB}.Release|Any CPU.Build.0 = Release|Any CPU
		{969B6A9A-48D4-494D-A147-1365ADB893DB}.Debug|Any CPU.ActiveCfg = Debug|Any CPU
		{969B6A9A-48D4-494D-A147-1365ADB893DB}.Debug|Any CPU.Build.0 = Debug|Any CPU
		{969B6A9A-48D4-494D-A147-1365ADB893DB}.Release|Any CPU.ActiveCfg = Release|Any CPU
		{969B6A9A-48D4-494D-A147-1365ADB893DB}.Release|Any CPU.Build.0 = Release|Any CPU
		{59068797-5B02-42E9-BF30-106C18F4A3E5}.Debug|Any CPU.ActiveCfg = Debug|Any CPU
		{59068797-5B02-42E9-BF30-106C18F4A3E5}.Debug|Any CPU.Build.0 = Debug|Any CPU
		{59068797-5B02-42E9-BF30-106C18F4A3E5}.Release|Any CPU.ActiveCfg = Release|Any CPU
		{59068797-5B02-42E9-BF30-106C18F4A3E5}.Release|Any CPU.Build.0 = Release|Any CPU
		{0FDA2823-911B-4D3E-BC0B-90883A965348}.Debug|Any CPU.ActiveCfg = Debug|Any CPU
		{0FDA2823-911B-4D3E-BC0B-90883A965348}.Debug|Any CPU.Build.0 = Debug|Any CPU
		{0FDA2823-911B-4D3E-BC0B-90883A965348}.Release|Any CPU.ActiveCfg = Release|Any CPU
		{0FDA2823-911B-4D3E-BC0B-90883A965348}.Release|Any CPU.Build.0 = Release|Any CPU
		{327AA4DC-2983-4368-89EB-C3EAED8D3E43}.Debug|Any CPU.ActiveCfg = Debug|Any CPU
		{327AA4DC-2983-4368-89EB-C3EAED8D3E43}.Debug|Any CPU.Build.0 = Debug|Any CPU
		{327AA4DC-2983-4368-89EB-C3EAED8D3E43}.Release|Any CPU.ActiveCfg = Release|Any CPU
		{327AA4DC-2983-4368-89EB-C3EAED8D3E43}.Release|Any CPU.Build.0 = Release|Any CPU
		{20111625-0A09-4397-8E5E-C4AC8039C39D}.Debug|Any CPU.ActiveCfg = Debug|Any CPU
		{20111625-0A09-4397-8E5E-C4AC8039C39D}.Debug|Any CPU.Build.0 = Debug|Any CPU
		{20111625-0A09-4397-8E5E-C4AC8039C39D}.Release|Any CPU.ActiveCfg = Release|Any CPU
		{20111625-0A09-4397-8E5E-C4AC8039C39D}.Release|Any CPU.Build.0 = Release|Any CPU
		{14A68B9F-8BE4-497A-B256-F71661831EB9}.Debug|Any CPU.ActiveCfg = Debug|Any CPU
		{14A68B9F-8BE4-497A-B256-F71661831EB9}.Debug|Any CPU.Build.0 = Debug|Any CPU
		{14A68B9F-8BE4-497A-B256-F71661831EB9}.Release|Any CPU.ActiveCfg = Release|Any CPU
		{14A68B9F-8BE4-497A-B256-F71661831EB9}.Release|Any CPU.Build.0 = Release|Any CPU
		{6E4C44EB-FBE8-4437-A7C0-5D77644968CB}.Debug|Any CPU.ActiveCfg = Debug|Any CPU
		{6E4C44EB-FBE8-4437-A7C0-5D77644968CB}.Debug|Any CPU.Build.0 = Debug|Any CPU
		{6E4C44EB-FBE8-4437-A7C0-5D77644968CB}.Release|Any CPU.ActiveCfg = Release|Any CPU
		{6E4C44EB-FBE8-4437-A7C0-5D77644968CB}.Release|Any CPU.Build.0 = Release|Any CPU
		{33AD8AF6-B97C-487E-B67F-DD798ADBDF68}.Debug|Any CPU.ActiveCfg = Debug|Any CPU
		{33AD8AF6-B97C-487E-B67F-DD798ADBDF68}.Debug|Any CPU.Build.0 = Debug|Any CPU
		{33AD8AF6-B97C-487E-B67F-DD798ADBDF68}.Release|Any CPU.ActiveCfg = Release|Any CPU
		{33AD8AF6-B97C-487E-B67F-DD798ADBDF68}.Release|Any CPU.Build.0 = Release|Any CPU
		{4C32CF8C-AC58-49CE-B6A5-EE5249255018}.Debug|Any CPU.ActiveCfg = Debug|Any CPU
		{4C32CF8C-AC58-49CE-B6A5-EE5249255018}.Debug|Any CPU.Build.0 = Debug|Any CPU
		{4C32CF8C-AC58-49CE-B6A5-EE5249255018}.Release|Any CPU.ActiveCfg = Release|Any CPU
		{4C32CF8C-AC58-49CE-B6A5-EE5249255018}.Release|Any CPU.Build.0 = Release|Any CPU
		{2C057181-96DF-42FB-9DC4-47DAF61074B6}.Debug|Any CPU.ActiveCfg = Debug|Any CPU
		{2C057181-96DF-42FB-9DC4-47DAF61074B6}.Debug|Any CPU.Build.0 = Debug|Any CPU
		{2C057181-96DF-42FB-9DC4-47DAF61074B6}.Release|Any CPU.ActiveCfg = Release|Any CPU
		{2C057181-96DF-42FB-9DC4-47DAF61074B6}.Release|Any CPU.Build.0 = Release|Any CPU
		{42A0A256-8A75-4FB0-93F4-89E11F635811}.Debug|Any CPU.ActiveCfg = Debug|Any CPU
		{42A0A256-8A75-4FB0-93F4-89E11F635811}.Debug|Any CPU.Build.0 = Debug|Any CPU
		{42A0A256-8A75-4FB0-93F4-89E11F635811}.Release|Any CPU.ActiveCfg = Release|Any CPU
		{42A0A256-8A75-4FB0-93F4-89E11F635811}.Release|Any CPU.Build.0 = Release|Any CPU
		{D9F47876-45DC-4680-8C50-C0816A7223A7}.Debug|Any CPU.ActiveCfg = Debug|Any CPU
		{D9F47876-45DC-4680-8C50-C0816A7223A7}.Debug|Any CPU.Build.0 = Debug|Any CPU
		{D9F47876-45DC-4680-8C50-C0816A7223A7}.Release|Any CPU.ActiveCfg = Release|Any CPU
		{D9F47876-45DC-4680-8C50-C0816A7223A7}.Release|Any CPU.Build.0 = Release|Any CPU
		{C1CC37A1-B177-4CFE-A708-AD0DE7A54B04}.Debug|Any CPU.ActiveCfg = Debug|Any CPU
		{C1CC37A1-B177-4CFE-A708-AD0DE7A54B04}.Debug|Any CPU.Build.0 = Debug|Any CPU
		{C1CC37A1-B177-4CFE-A708-AD0DE7A54B04}.Release|Any CPU.ActiveCfg = Release|Any CPU
		{C1CC37A1-B177-4CFE-A708-AD0DE7A54B04}.Release|Any CPU.Build.0 = Release|Any CPU
		{C503F5B4-0A33-4607-86F4-40742060A174}.Debug|Any CPU.ActiveCfg = Debug|Any CPU
		{C503F5B4-0A33-4607-86F4-40742060A174}.Debug|Any CPU.Build.0 = Debug|Any CPU
		{C503F5B4-0A33-4607-86F4-40742060A174}.Release|Any CPU.ActiveCfg = Release|Any CPU
		{C503F5B4-0A33-4607-86F4-40742060A174}.Release|Any CPU.Build.0 = Release|Any CPU
		{AB76F51A-21A0-439C-94F6-8EEAD7A66640}.Debug|Any CPU.ActiveCfg = Debug|Any CPU
		{AB76F51A-21A0-439C-94F6-8EEAD7A66640}.Debug|Any CPU.Build.0 = Debug|Any CPU
		{AB76F51A-21A0-439C-94F6-8EEAD7A66640}.Release|Any CPU.ActiveCfg = Release|Any CPU
		{AB76F51A-21A0-439C-94F6-8EEAD7A66640}.Release|Any CPU.Build.0 = Release|Any CPU
		{8F589F6F-B95F-4890-834C-13A7374E2D27}.Debug|Any CPU.ActiveCfg = Debug|Any CPU
		{8F589F6F-B95F-4890-834C-13A7374E2D27}.Debug|Any CPU.Build.0 = Debug|Any CPU
		{8F589F6F-B95F-4890-834C-13A7374E2D27}.Release|Any CPU.ActiveCfg = Release|Any CPU
		{8F589F6F-B95F-4890-834C-13A7374E2D27}.Release|Any CPU.Build.0 = Release|Any CPU
		{DC2B00E6-21C0-45FD-A679-834E3E466188}.Debug|Any CPU.ActiveCfg = Debug|Any CPU
		{DC2B00E6-21C0-45FD-A679-834E3E466188}.Debug|Any CPU.Build.0 = Debug|Any CPU
		{DC2B00E6-21C0-45FD-A679-834E3E466188}.Release|Any CPU.ActiveCfg = Release|Any CPU
		{DC2B00E6-21C0-45FD-A679-834E3E466188}.Release|Any CPU.Build.0 = Release|Any CPU
		{28D9E704-7728-49AD-9807-784B6A87C3D0}.Debug|Any CPU.ActiveCfg = Debug|Any CPU
		{28D9E704-7728-49AD-9807-784B6A87C3D0}.Debug|Any CPU.Build.0 = Debug|Any CPU
		{28D9E704-7728-49AD-9807-784B6A87C3D0}.Release|Any CPU.ActiveCfg = Release|Any CPU
		{28D9E704-7728-49AD-9807-784B6A87C3D0}.Release|Any CPU.Build.0 = Release|Any CPU
		{A684175E-6583-40C9-B82B-343C21B5E290}.Debug|Any CPU.ActiveCfg = Debug|Any CPU
		{A684175E-6583-40C9-B82B-343C21B5E290}.Debug|Any CPU.Build.0 = Debug|Any CPU
		{A684175E-6583-40C9-B82B-343C21B5E290}.Release|Any CPU.ActiveCfg = Release|Any CPU
		{A684175E-6583-40C9-B82B-343C21B5E290}.Release|Any CPU.Build.0 = Release|Any CPU
		{F440983F-E1E3-4F19-81C2-AB832A154AC1}.Debug|Any CPU.ActiveCfg = Debug|Any CPU
		{F440983F-E1E3-4F19-81C2-AB832A154AC1}.Debug|Any CPU.Build.0 = Debug|Any CPU
		{F440983F-E1E3-4F19-81C2-AB832A154AC1}.Release|Any CPU.ActiveCfg = Release|Any CPU
		{F440983F-E1E3-4F19-81C2-AB832A154AC1}.Release|Any CPU.Build.0 = Release|Any CPU
		{9F7918D4-6BF7-4378-81C3-2AA6B90292DC}.Debug|Any CPU.ActiveCfg = Debug|Any CPU
		{9F7918D4-6BF7-4378-81C3-2AA6B90292DC}.Debug|Any CPU.Build.0 = Debug|Any CPU
		{9F7918D4-6BF7-4378-81C3-2AA6B90292DC}.Release|Any CPU.ActiveCfg = Release|Any CPU
		{9F7918D4-6BF7-4378-81C3-2AA6B90292DC}.Release|Any CPU.Build.0 = Release|Any CPU
		{279B060F-57DD-411C-8E37-CD7FA1C0389A}.Debug|Any CPU.ActiveCfg = Debug|Any CPU
		{279B060F-57DD-411C-8E37-CD7FA1C0389A}.Debug|Any CPU.Build.0 = Debug|Any CPU
		{279B060F-57DD-411C-8E37-CD7FA1C0389A}.Release|Any CPU.ActiveCfg = Release|Any CPU
		{279B060F-57DD-411C-8E37-CD7FA1C0389A}.Release|Any CPU.Build.0 = Release|Any CPU
		{C6E4718A-1611-4219-AE36-0A145805557E}.Debug|Any CPU.ActiveCfg = Debug|Any CPU
		{C6E4718A-1611-4219-AE36-0A145805557E}.Debug|Any CPU.Build.0 = Debug|Any CPU
		{C6E4718A-1611-4219-AE36-0A145805557E}.Release|Any CPU.ActiveCfg = Release|Any CPU
		{C6E4718A-1611-4219-AE36-0A145805557E}.Release|Any CPU.Build.0 = Release|Any CPU
		{A0B6CF45-22C4-4A9D-B86B-7E4F1D2E551A}.Debug|Any CPU.ActiveCfg = Debug|Any CPU
		{A0B6CF45-22C4-4A9D-B86B-7E4F1D2E551A}.Debug|Any CPU.Build.0 = Debug|Any CPU
		{A0B6CF45-22C4-4A9D-B86B-7E4F1D2E551A}.Release|Any CPU.ActiveCfg = Release|Any CPU
		{A0B6CF45-22C4-4A9D-B86B-7E4F1D2E551A}.Release|Any CPU.Build.0 = Release|Any CPU
		{28218DFB-9628-4CA1-B50E-F82E44F5D4C6}.Debug|Any CPU.ActiveCfg = Debug|Any CPU
		{28218DFB-9628-4CA1-B50E-F82E44F5D4C6}.Debug|Any CPU.Build.0 = Debug|Any CPU
		{28218DFB-9628-4CA1-B50E-F82E44F5D4C6}.Release|Any CPU.ActiveCfg = Release|Any CPU
		{28218DFB-9628-4CA1-B50E-F82E44F5D4C6}.Release|Any CPU.Build.0 = Release|Any CPU
		{28B9E65B-B7B8-4EA5-B1BE-D48E59EFEA98}.Debug|Any CPU.ActiveCfg = Debug|Any CPU
		{28B9E65B-B7B8-4EA5-B1BE-D48E59EFEA98}.Debug|Any CPU.Build.0 = Debug|Any CPU
		{28B9E65B-B7B8-4EA5-B1BE-D48E59EFEA98}.Release|Any CPU.ActiveCfg = Release|Any CPU
		{28B9E65B-B7B8-4EA5-B1BE-D48E59EFEA98}.Release|Any CPU.Build.0 = Release|Any CPU
		{EB2AFCAA-86B5-4420-8960-F661A4A6BF54}.Debug|Any CPU.ActiveCfg = Debug|Any CPU
		{EB2AFCAA-86B5-4420-8960-F661A4A6BF54}.Debug|Any CPU.Build.0 = Debug|Any CPU
		{EB2AFCAA-86B5-4420-8960-F661A4A6BF54}.Release|Any CPU.ActiveCfg = Release|Any CPU
		{EB2AFCAA-86B5-4420-8960-F661A4A6BF54}.Release|Any CPU.Build.0 = Release|Any CPU
		{E40A9636-1678-43E0-8DD3-58E1AE850538}.Debug|Any CPU.ActiveCfg = Debug|Any CPU
		{E40A9636-1678-43E0-8DD3-58E1AE850538}.Debug|Any CPU.Build.0 = Debug|Any CPU
		{E40A9636-1678-43E0-8DD3-58E1AE850538}.Release|Any CPU.ActiveCfg = Release|Any CPU
		{E40A9636-1678-43E0-8DD3-58E1AE850538}.Release|Any CPU.Build.0 = Release|Any CPU
		{5CF98C1A-63F2-4247-B10C-4803BD85414B}.Debug|Any CPU.ActiveCfg = Debug|Any CPU
		{5CF98C1A-63F2-4247-B10C-4803BD85414B}.Debug|Any CPU.Build.0 = Debug|Any CPU
		{5CF98C1A-63F2-4247-B10C-4803BD85414B}.Release|Any CPU.ActiveCfg = Release|Any CPU
		{5CF98C1A-63F2-4247-B10C-4803BD85414B}.Release|Any CPU.Build.0 = Release|Any CPU
		{98D5FE73-42D0-4D37-A14D-BEEF2D2BDAF7}.Debug|Any CPU.ActiveCfg = Debug|Any CPU
		{98D5FE73-42D0-4D37-A14D-BEEF2D2BDAF7}.Debug|Any CPU.Build.0 = Debug|Any CPU
		{98D5FE73-42D0-4D37-A14D-BEEF2D2BDAF7}.Release|Any CPU.ActiveCfg = Release|Any CPU
		{98D5FE73-42D0-4D37-A14D-BEEF2D2BDAF7}.Release|Any CPU.Build.0 = Release|Any CPU
		{E9C56528-F101-4872-BA2A-BDB9A57A9BAF}.Debug|Any CPU.ActiveCfg = Debug|Any CPU
		{E9C56528-F101-4872-BA2A-BDB9A57A9BAF}.Debug|Any CPU.Build.0 = Debug|Any CPU
		{E9C56528-F101-4872-BA2A-BDB9A57A9BAF}.Release|Any CPU.ActiveCfg = Release|Any CPU
		{E9C56528-F101-4872-BA2A-BDB9A57A9BAF}.Release|Any CPU.Build.0 = Release|Any CPU
		{79ACA052-BB52-4869-B47D-18A1C86FFE63}.Debug|Any CPU.ActiveCfg = Debug|Any CPU
		{79ACA052-BB52-4869-B47D-18A1C86FFE63}.Debug|Any CPU.Build.0 = Debug|Any CPU
		{79ACA052-BB52-4869-B47D-18A1C86FFE63}.Release|Any CPU.ActiveCfg = Release|Any CPU
		{79ACA052-BB52-4869-B47D-18A1C86FFE63}.Release|Any CPU.Build.0 = Release|Any CPU
		{5A93B38D-C440-4A7D-95D1-E69663466686}.Debug|Any CPU.ActiveCfg = Debug|Any CPU
		{5A93B38D-C440-4A7D-95D1-E69663466686}.Debug|Any CPU.Build.0 = Debug|Any CPU
		{5A93B38D-C440-4A7D-95D1-E69663466686}.Release|Any CPU.ActiveCfg = Release|Any CPU
		{5A93B38D-C440-4A7D-95D1-E69663466686}.Release|Any CPU.Build.0 = Release|Any CPU
		{AE161CB2-C98F-4EE3-8D37-4A28CE59CD8B}.Debug|Any CPU.ActiveCfg = Debug|Any CPU
		{AE161CB2-C98F-4EE3-8D37-4A28CE59CD8B}.Debug|Any CPU.Build.0 = Debug|Any CPU
		{AE161CB2-C98F-4EE3-8D37-4A28CE59CD8B}.Release|Any CPU.ActiveCfg = Release|Any CPU
		{AE161CB2-C98F-4EE3-8D37-4A28CE59CD8B}.Release|Any CPU.Build.0 = Release|Any CPU
		{3C38C0CB-ADF0-4EDA-AD84-B544161929F0}.Debug|Any CPU.ActiveCfg = Debug|Any CPU
		{3C38C0CB-ADF0-4EDA-AD84-B544161929F0}.Debug|Any CPU.Build.0 = Debug|Any CPU
		{3C38C0CB-ADF0-4EDA-AD84-B544161929F0}.Release|Any CPU.ActiveCfg = Release|Any CPU
		{3C38C0CB-ADF0-4EDA-AD84-B544161929F0}.Release|Any CPU.Build.0 = Release|Any CPU
		{792F6DDE-E1B3-4963-B6EE-249D866AEF48}.Debug|Any CPU.ActiveCfg = Debug|Any CPU
		{792F6DDE-E1B3-4963-B6EE-249D866AEF48}.Debug|Any CPU.Build.0 = Debug|Any CPU
		{792F6DDE-E1B3-4963-B6EE-249D866AEF48}.Release|Any CPU.ActiveCfg = Release|Any CPU
		{792F6DDE-E1B3-4963-B6EE-249D866AEF48}.Release|Any CPU.Build.0 = Release|Any CPU
		{BADF626C-867E-4AF8-9020-DF20FFCB9E91}.Debug|Any CPU.ActiveCfg = Debug|Any CPU
		{BADF626C-867E-4AF8-9020-DF20FFCB9E91}.Debug|Any CPU.Build.0 = Debug|Any CPU
		{BADF626C-867E-4AF8-9020-DF20FFCB9E91}.Release|Any CPU.ActiveCfg = Release|Any CPU
		{BADF626C-867E-4AF8-9020-DF20FFCB9E91}.Release|Any CPU.Build.0 = Release|Any CPU
		{89B5A517-5C7F-4FFB-8C0A-55D074784A7E}.Debug|Any CPU.ActiveCfg = Debug|Any CPU
		{89B5A517-5C7F-4FFB-8C0A-55D074784A7E}.Debug|Any CPU.Build.0 = Debug|Any CPU
		{89B5A517-5C7F-4FFB-8C0A-55D074784A7E}.Release|Any CPU.ActiveCfg = Release|Any CPU
		{89B5A517-5C7F-4FFB-8C0A-55D074784A7E}.Release|Any CPU.Build.0 = Release|Any CPU
		{EF0C82E4-A920-4F63-9018-51191C8D37ED}.Debug|Any CPU.ActiveCfg = Debug|Any CPU
		{EF0C82E4-A920-4F63-9018-51191C8D37ED}.Debug|Any CPU.Build.0 = Debug|Any CPU
		{EF0C82E4-A920-4F63-9018-51191C8D37ED}.Release|Any CPU.ActiveCfg = Release|Any CPU
		{EF0C82E4-A920-4F63-9018-51191C8D37ED}.Release|Any CPU.Build.0 = Release|Any CPU
		{A1343E80-B05B-48CC-856D-ADF656E6C263}.Debug|Any CPU.ActiveCfg = Debug|Any CPU
		{A1343E80-B05B-48CC-856D-ADF656E6C263}.Debug|Any CPU.Build.0 = Debug|Any CPU
		{A1343E80-B05B-48CC-856D-ADF656E6C263}.Release|Any CPU.ActiveCfg = Release|Any CPU
		{A1343E80-B05B-48CC-856D-ADF656E6C263}.Release|Any CPU.Build.0 = Release|Any CPU
		{C2E675C5-EF1D-4B55-BA66-3EC31B465D87}.Debug|Any CPU.ActiveCfg = Debug|Any CPU
		{C2E675C5-EF1D-4B55-BA66-3EC31B465D87}.Debug|Any CPU.Build.0 = Debug|Any CPU
		{C2E675C5-EF1D-4B55-BA66-3EC31B465D87}.Release|Any CPU.ActiveCfg = Release|Any CPU
		{C2E675C5-EF1D-4B55-BA66-3EC31B465D87}.Release|Any CPU.Build.0 = Release|Any CPU
		{84D45D91-CB7A-4975-8C86-E02B28864E11}.Debug|Any CPU.ActiveCfg = Debug|Any CPU
		{84D45D91-CB7A-4975-8C86-E02B28864E11}.Debug|Any CPU.Build.0 = Debug|Any CPU
		{84D45D91-CB7A-4975-8C86-E02B28864E11}.Release|Any CPU.ActiveCfg = Release|Any CPU
		{84D45D91-CB7A-4975-8C86-E02B28864E11}.Release|Any CPU.Build.0 = Release|Any CPU
		{9BC7B251-7FB8-4E59-AB15-53F2861C6C2B}.Debug|Any CPU.ActiveCfg = Debug|Any CPU
		{9BC7B251-7FB8-4E59-AB15-53F2861C6C2B}.Debug|Any CPU.Build.0 = Debug|Any CPU
		{9BC7B251-7FB8-4E59-AB15-53F2861C6C2B}.Release|Any CPU.ActiveCfg = Release|Any CPU
		{9BC7B251-7FB8-4E59-AB15-53F2861C6C2B}.Release|Any CPU.Build.0 = Release|Any CPU
		{EE978F1F-A623-4359-9369-AC38BF7A4A8E}.Debug|Any CPU.ActiveCfg = Debug|Any CPU
		{EE978F1F-A623-4359-9369-AC38BF7A4A8E}.Debug|Any CPU.Build.0 = Debug|Any CPU
		{EE978F1F-A623-4359-9369-AC38BF7A4A8E}.Release|Any CPU.ActiveCfg = Release|Any CPU
		{EE978F1F-A623-4359-9369-AC38BF7A4A8E}.Release|Any CPU.Build.0 = Release|Any CPU
		{41B256E6-A517-4903-9CCB-294AD60588A3}.Debug|Any CPU.ActiveCfg = Debug|Any CPU
		{41B256E6-A517-4903-9CCB-294AD60588A3}.Debug|Any CPU.Build.0 = Debug|Any CPU
		{41B256E6-A517-4903-9CCB-294AD60588A3}.Release|Any CPU.ActiveCfg = Release|Any CPU
		{41B256E6-A517-4903-9CCB-294AD60588A3}.Release|Any CPU.Build.0 = Release|Any CPU
		{B84C634B-321E-40C6-85EA-D40EA74D0FF7}.Debug|Any CPU.ActiveCfg = Debug|Any CPU
		{B84C634B-321E-40C6-85EA-D40EA74D0FF7}.Debug|Any CPU.Build.0 = Debug|Any CPU
		{B84C634B-321E-40C6-85EA-D40EA74D0FF7}.Release|Any CPU.ActiveCfg = Release|Any CPU
		{B84C634B-321E-40C6-85EA-D40EA74D0FF7}.Release|Any CPU.Build.0 = Release|Any CPU
		{824BD28D-89EE-4623-8FCF-41FCD6511B6F}.Debug|Any CPU.ActiveCfg = Debug|Any CPU
		{824BD28D-89EE-4623-8FCF-41FCD6511B6F}.Debug|Any CPU.Build.0 = Debug|Any CPU
		{824BD28D-89EE-4623-8FCF-41FCD6511B6F}.Release|Any CPU.ActiveCfg = Release|Any CPU
		{824BD28D-89EE-4623-8FCF-41FCD6511B6F}.Release|Any CPU.Build.0 = Release|Any CPU
		{E86D4998-A03D-4B08-8BEE-32AA60653955}.Debug|Any CPU.ActiveCfg = Debug|Any CPU
		{E86D4998-A03D-4B08-8BEE-32AA60653955}.Debug|Any CPU.Build.0 = Debug|Any CPU
		{E86D4998-A03D-4B08-8BEE-32AA60653955}.Release|Any CPU.ActiveCfg = Release|Any CPU
		{E86D4998-A03D-4B08-8BEE-32AA60653955}.Release|Any CPU.Build.0 = Release|Any CPU
		{C91CE895-B612-42DC-AF38-FBE2C40A2DB3}.Debug|Any CPU.ActiveCfg = Debug|Any CPU
		{C91CE895-B612-42DC-AF38-FBE2C40A2DB3}.Debug|Any CPU.Build.0 = Debug|Any CPU
		{C91CE895-B612-42DC-AF38-FBE2C40A2DB3}.Release|Any CPU.ActiveCfg = Release|Any CPU
		{C91CE895-B612-42DC-AF38-FBE2C40A2DB3}.Release|Any CPU.Build.0 = Release|Any CPU
		{94257CE4-7C76-4892-865D-6E96C0B751A4}.Debug|Any CPU.ActiveCfg = Debug|Any CPU
		{94257CE4-7C76-4892-865D-6E96C0B751A4}.Debug|Any CPU.Build.0 = Debug|Any CPU
		{94257CE4-7C76-4892-865D-6E96C0B751A4}.Release|Any CPU.ActiveCfg = Release|Any CPU
		{94257CE4-7C76-4892-865D-6E96C0B751A4}.Release|Any CPU.Build.0 = Release|Any CPU
		{0E72E32F-C8A3-4D71-BC47-C8194D9B9DF8}.Debug|Any CPU.ActiveCfg = Debug|Any CPU
		{0E72E32F-C8A3-4D71-BC47-C8194D9B9DF8}.Debug|Any CPU.Build.0 = Debug|Any CPU
		{0E72E32F-C8A3-4D71-BC47-C8194D9B9DF8}.Release|Any CPU.ActiveCfg = Release|Any CPU
		{0E72E32F-C8A3-4D71-BC47-C8194D9B9DF8}.Release|Any CPU.Build.0 = Release|Any CPU
		{2760AEA5-7356-4E52-B7C0-630697DAFE59}.Debug|Any CPU.ActiveCfg = Debug|Any CPU
		{2760AEA5-7356-4E52-B7C0-630697DAFE59}.Debug|Any CPU.Build.0 = Debug|Any CPU
		{2760AEA5-7356-4E52-B7C0-630697DAFE59}.Release|Any CPU.ActiveCfg = Release|Any CPU
		{2760AEA5-7356-4E52-B7C0-630697DAFE59}.Release|Any CPU.Build.0 = Release|Any CPU
		{26CE3F99-B04A-45C6-B9A8-1846E1AC79AD}.Debug|Any CPU.ActiveCfg = Debug|Any CPU
		{26CE3F99-B04A-45C6-B9A8-1846E1AC79AD}.Debug|Any CPU.Build.0 = Debug|Any CPU
		{26CE3F99-B04A-45C6-B9A8-1846E1AC79AD}.Release|Any CPU.ActiveCfg = Release|Any CPU
		{26CE3F99-B04A-45C6-B9A8-1846E1AC79AD}.Release|Any CPU.Build.0 = Release|Any CPU
		{7AC6E134-6BC9-425B-8D8D-A31F22C5A99B}.Debug|Any CPU.ActiveCfg = Debug|Any CPU
		{7AC6E134-6BC9-425B-8D8D-A31F22C5A99B}.Debug|Any CPU.Build.0 = Debug|Any CPU
		{7AC6E134-6BC9-425B-8D8D-A31F22C5A99B}.Release|Any CPU.ActiveCfg = Release|Any CPU
		{7AC6E134-6BC9-425B-8D8D-A31F22C5A99B}.Release|Any CPU.Build.0 = Release|Any CPU
		{D12D9AB7-FF94-4C85-A743-EC7FABDA79C6}.Debug|Any CPU.ActiveCfg = Debug|Any CPU
		{D12D9AB7-FF94-4C85-A743-EC7FABDA79C6}.Debug|Any CPU.Build.0 = Debug|Any CPU
		{D12D9AB7-FF94-4C85-A743-EC7FABDA79C6}.Release|Any CPU.ActiveCfg = Release|Any CPU
		{D12D9AB7-FF94-4C85-A743-EC7FABDA79C6}.Release|Any CPU.Build.0 = Release|Any CPU
		{C3DDFE95-8A88-4CC1-9CA8-AA224033ECAD}.Debug|Any CPU.ActiveCfg = Debug|Any CPU
		{C3DDFE95-8A88-4CC1-9CA8-AA224033ECAD}.Debug|Any CPU.Build.0 = Debug|Any CPU
		{C3DDFE95-8A88-4CC1-9CA8-AA224033ECAD}.Release|Any CPU.ActiveCfg = Release|Any CPU
		{C3DDFE95-8A88-4CC1-9CA8-AA224033ECAD}.Release|Any CPU.Build.0 = Release|Any CPU
	EndGlobalSection
	GlobalSection(NestedProjects) = preSolution
		{FB5CDAD6-264D-4BAF-B09D-541A5DD42333} = {AC5FF6F2-440D-4A65-8B80-E9F09D5C6054}
		{56E65394-0D6D-481E-9C61-5AC353DFD277} = {AC5FF6F2-440D-4A65-8B80-E9F09D5C6054}
		{40825883-B2DF-45D4-BBCE-3D5ED8A93FEC} = {AC5FF6F2-440D-4A65-8B80-E9F09D5C6054}
		{92FF8D96-C9ED-4C5D-AE56-1FBD0F103CB7} = {AC5FF6F2-440D-4A65-8B80-E9F09D5C6054}
		{1967536F-F40D-4928-803C-6B0479BE0B69} = {AC5FF6F2-440D-4A65-8B80-E9F09D5C6054}
		{E613B1FD-2DA3-4D6B-A646-5B550CFF054A} = {AC5FF6F2-440D-4A65-8B80-E9F09D5C6054}
		{532496A1-60FC-4A88-877D-D2591555CE31} = {AC5FF6F2-440D-4A65-8B80-E9F09D5C6054}
		{5F29AF02-E4CA-42E0-9885-BFAA55025CDB} = {AC5FF6F2-440D-4A65-8B80-E9F09D5C6054}
		{E132DA8B-DCFA-40CF-842C-8174C6360A82} = {AC5FF6F2-440D-4A65-8B80-E9F09D5C6054}
		{0F86356E-5604-441C-8301-7E5154C7A91E} = {AC5FF6F2-440D-4A65-8B80-E9F09D5C6054}
		{E11BB4CD-047D-4C62-B302-6631A8BBF4A6} = {AC5FF6F2-440D-4A65-8B80-E9F09D5C6054}
		{CC864E52-8D92-4F7F-966D-E51E6517653D} = {A58FB976-A0D3-4328-81B2-A203B4D5D950}
		{D783A918-7461-451F-9350-F8E840CE4970} = {A58FB976-A0D3-4328-81B2-A203B4D5D950}
		{A2BB3D65-3550-4519-9C06-F2B6F7E98674} = {A58FB976-A0D3-4328-81B2-A203B4D5D950}
		{05A15CE1-9394-443F-93FF-9B02103E485D} = {A58FB976-A0D3-4328-81B2-A203B4D5D950}
		{91E397EA-5515-4B6F-8F8F-2FD2F0A19144} = {AC5FF6F2-440D-4A65-8B80-E9F09D5C6054}
		{05CE4666-4948-4D4D-829E-E7C304396B49} = {AC5FF6F2-440D-4A65-8B80-E9F09D5C6054}
		{A17D5F34-DC7F-4BF2-8E17-BB22C6273FE4} = {AC5FF6F2-440D-4A65-8B80-E9F09D5C6054}
		{AF657DAC-5CBF-4C13-9F89-C2E833AAEFF4} = {09DFF3F9-0270-4E9A-B775-590DF2AEBE0D}
		{F699B78E-4780-4D15-AF24-C0E8A02A35F1} = {09DFF3F9-0270-4E9A-B775-590DF2AEBE0D}
		{506FEED3-9E2C-4C0A-9E73-A29420A096A4} = {09DFF3F9-0270-4E9A-B775-590DF2AEBE0D}
		{6407FE99-86BF-4C72-9EC0-6AB3E37EC568} = {09DFF3F9-0270-4E9A-B775-590DF2AEBE0D}
		{C85AF685-06F7-4A65-90C3-E64D02D01129} = {09DFF3F9-0270-4E9A-B775-590DF2AEBE0D}
		{48A82E6B-2416-4DD8-9F69-33C410AF3435} = {09DFF3F9-0270-4E9A-B775-590DF2AEBE0D}
		{5B8EA8D8-8617-4D59-8E97-AC728B152935} = {09DFF3F9-0270-4E9A-B775-590DF2AEBE0D}
		{FE6F78EE-BA71-45C7-A925-C62A59A20A93} = {09DFF3F9-0270-4E9A-B775-590DF2AEBE0D}
		{D6615643-5F8B-4171-A914-66EC8A559885} = {09DFF3F9-0270-4E9A-B775-590DF2AEBE0D}
		{ED3092F0-401E-483D-BA65-1203CBE3FFA2} = {09DFF3F9-0270-4E9A-B775-590DF2AEBE0D}
		{B2F9E518-78F8-4190-A61E-25DC8688AE92} = {09DFF3F9-0270-4E9A-B775-590DF2AEBE0D}
		{1F24CE52-5A0E-4912-8034-72D540737F04} = {09DFF3F9-0270-4E9A-B775-590DF2AEBE0D}
		{E56B1780-B208-4706-BD78-544457F5AF95} = {09DFF3F9-0270-4E9A-B775-590DF2AEBE0D}
		{1925E6C0-1767-4154-8823-0BD6EDE6629A} = {9410FC91-2311-477A-A8D2-31C5DAEC90D0}
		{08F9F18E-B91B-428C-9726-DECF60C87785} = {9410FC91-2311-477A-A8D2-31C5DAEC90D0}
		{78396660-D6D8-4605-B61B-58A462EF05A9} = {9410FC91-2311-477A-A8D2-31C5DAEC90D0}
		{A108B78D-18C7-43C1-80DD-A8BDFB4D13EF} = {9410FC91-2311-477A-A8D2-31C5DAEC90D0}
		{00A1B0AE-B616-4504-B9C8-81017A3FACA8} = {9410FC91-2311-477A-A8D2-31C5DAEC90D0}
		{CCEFB0F0-FDAD-4F4E-B29D-325A8AA4C9F9} = {9410FC91-2311-477A-A8D2-31C5DAEC90D0}
		{BA553B6B-79A6-44CF-8C7E-AF7BCF7E9778} = {9410FC91-2311-477A-A8D2-31C5DAEC90D0}
		{6844CF9A-0345-4E23-BC68-126AE0E3937F} = {9410FC91-2311-477A-A8D2-31C5DAEC90D0}
		{632E958E-A87F-4EEA-B5DE-CF4CF1960E5D} = {9410FC91-2311-477A-A8D2-31C5DAEC90D0}
		{0F0DA017-52DD-4DA1-A9F7-265EA0BF2651} = {9410FC91-2311-477A-A8D2-31C5DAEC90D0}
		{6C55CFC4-8192-4EBB-8F46-EF30DB704D79} = {9410FC91-2311-477A-A8D2-31C5DAEC90D0}
		{B0AF1C2D-EE99-4E16-A77C-A25CC95A01BB} = {9410FC91-2311-477A-A8D2-31C5DAEC90D0}
		{969B6A9A-48D4-494D-A147-1365ADB893DB} = {9410FC91-2311-477A-A8D2-31C5DAEC90D0}
		{59068797-5B02-42E9-BF30-106C18F4A3E5} = {9410FC91-2311-477A-A8D2-31C5DAEC90D0}
		{0FDA2823-911B-4D3E-BC0B-90883A965348} = {9410FC91-2311-477A-A8D2-31C5DAEC90D0}
		{20111625-0A09-4397-8E5E-C4AC8039C39D} = {9410FC91-2311-477A-A8D2-31C5DAEC90D0}
		{14A68B9F-8BE4-497A-B256-F71661831EB9} = {9410FC91-2311-477A-A8D2-31C5DAEC90D0}
		{6E4C44EB-FBE8-4437-A7C0-5D77644968CB} = {9410FC91-2311-477A-A8D2-31C5DAEC90D0}
		{33AD8AF6-B97C-487E-B67F-DD798ADBDF68} = {9410FC91-2311-477A-A8D2-31C5DAEC90D0}
		{4C32CF8C-AC58-49CE-B6A5-EE5249255018} = {9410FC91-2311-477A-A8D2-31C5DAEC90D0}
		{42A0A256-8A75-4FB0-93F4-89E11F635811} = {9410FC91-2311-477A-A8D2-31C5DAEC90D0}
		{2C057181-96DF-42FB-9DC4-47DAF61074B6} = {9410FC91-2311-477A-A8D2-31C5DAEC90D0}
		{D9F47876-45DC-4680-8C50-C0816A7223A7} = {9410FC91-2311-477A-A8D2-31C5DAEC90D0}
		{C1CC37A1-B177-4CFE-A708-AD0DE7A54B04} = {9410FC91-2311-477A-A8D2-31C5DAEC90D0}
		{C503F5B4-0A33-4607-86F4-40742060A174} = {9410FC91-2311-477A-A8D2-31C5DAEC90D0}
		{AB76F51A-21A0-439C-94F6-8EEAD7A66640} = {9410FC91-2311-477A-A8D2-31C5DAEC90D0}
		{8F589F6F-B95F-4890-834C-13A7374E2D27} = {9410FC91-2311-477A-A8D2-31C5DAEC90D0}
		{DC2B00E6-21C0-45FD-A679-834E3E466188} = {9410FC91-2311-477A-A8D2-31C5DAEC90D0}
		{28D9E704-7728-49AD-9807-784B6A87C3D0} = {4B262D1C-51F1-4BE4-A4FF-DC1CCB619AB3}
		{A684175E-6583-40C9-B82B-343C21B5E290} = {4B262D1C-51F1-4BE4-A4FF-DC1CCB619AB3}
		{F440983F-E1E3-4F19-81C2-AB832A154AC1} = {4B262D1C-51F1-4BE4-A4FF-DC1CCB619AB3}
		{9F7918D4-6BF7-4378-81C3-2AA6B90292DC} = {4B262D1C-51F1-4BE4-A4FF-DC1CCB619AB3}
		{279B060F-57DD-411C-8E37-CD7FA1C0389A} = {4B262D1C-51F1-4BE4-A4FF-DC1CCB619AB3}
		{C6E4718A-1611-4219-AE36-0A145805557E} = {4B262D1C-51F1-4BE4-A4FF-DC1CCB619AB3}
		{A0B6CF45-22C4-4A9D-B86B-7E4F1D2E551A} = {4B262D1C-51F1-4BE4-A4FF-DC1CCB619AB3}
		{28218DFB-9628-4CA1-B50E-F82E44F5D4C6} = {4B262D1C-51F1-4BE4-A4FF-DC1CCB619AB3}
		{28B9E65B-B7B8-4EA5-B1BE-D48E59EFEA98} = {4B262D1C-51F1-4BE4-A4FF-DC1CCB619AB3}
		{EB2AFCAA-86B5-4420-8960-F661A4A6BF54} = {4B262D1C-51F1-4BE4-A4FF-DC1CCB619AB3}
		{E40A9636-1678-43E0-8DD3-58E1AE850538} = {4B262D1C-51F1-4BE4-A4FF-DC1CCB619AB3}
		{5CF98C1A-63F2-4247-B10C-4803BD85414B} = {4B262D1C-51F1-4BE4-A4FF-DC1CCB619AB3}
		{98D5FE73-42D0-4D37-A14D-BEEF2D2BDAF7} = {4B262D1C-51F1-4BE4-A4FF-DC1CCB619AB3}
		{E9C56528-F101-4872-BA2A-BDB9A57A9BAF} = {4B262D1C-51F1-4BE4-A4FF-DC1CCB619AB3}
		{79ACA052-BB52-4869-B47D-18A1C86FFE63} = {EA152B6F-4D7C-46E2-8AB9-AA3799391E52}
		{5A93B38D-C440-4A7D-95D1-E69663466686} = {EA152B6F-4D7C-46E2-8AB9-AA3799391E52}
		{AE161CB2-C98F-4EE3-8D37-4A28CE59CD8B} = {EA152B6F-4D7C-46E2-8AB9-AA3799391E52}
		{3C38C0CB-ADF0-4EDA-AD84-B544161929F0} = {EA152B6F-4D7C-46E2-8AB9-AA3799391E52}
		{792F6DDE-E1B3-4963-B6EE-249D866AEF48} = {EA152B6F-4D7C-46E2-8AB9-AA3799391E52}
		{327AA4DC-2983-4368-89EB-C3EAED8D3E43} = {9410FC91-2311-477A-A8D2-31C5DAEC90D0}
		{BADF626C-867E-4AF8-9020-DF20FFCB9E91} = {EA152B6F-4D7C-46E2-8AB9-AA3799391E52}
		{89B5A517-5C7F-4FFB-8C0A-55D074784A7E} = {EA152B6F-4D7C-46E2-8AB9-AA3799391E52}
		{EF0C82E4-A920-4F63-9018-51191C8D37ED} = {EA152B6F-4D7C-46E2-8AB9-AA3799391E52}
		{A1343E80-B05B-48CC-856D-ADF656E6C263} = {EA152B6F-4D7C-46E2-8AB9-AA3799391E52}
		{C2E675C5-EF1D-4B55-BA66-3EC31B465D87} = {EA152B6F-4D7C-46E2-8AB9-AA3799391E52}
		{84D45D91-CB7A-4975-8C86-E02B28864E11} = {EA152B6F-4D7C-46E2-8AB9-AA3799391E52}
		{9BC7B251-7FB8-4E59-AB15-53F2861C6C2B} = {EA152B6F-4D7C-46E2-8AB9-AA3799391E52}
		{EE978F1F-A623-4359-9369-AC38BF7A4A8E} = {E6451C0B-E008-4D19-A3FA-B1FF6558AF3D}
		{41B256E6-A517-4903-9CCB-294AD60588A3} = {E6451C0B-E008-4D19-A3FA-B1FF6558AF3D}
		{B84C634B-321E-40C6-85EA-D40EA74D0FF7} = {E6451C0B-E008-4D19-A3FA-B1FF6558AF3D}
		{824BD28D-89EE-4623-8FCF-41FCD6511B6F} = {E6451C0B-E008-4D19-A3FA-B1FF6558AF3D}
		{E86D4998-A03D-4B08-8BEE-32AA60653955} = {E6451C0B-E008-4D19-A3FA-B1FF6558AF3D}
		{C91CE895-B612-42DC-AF38-FBE2C40A2DB3} = {E6451C0B-E008-4D19-A3FA-B1FF6558AF3D}
		{94257CE4-7C76-4892-865D-6E96C0B751A4} = {E6451C0B-E008-4D19-A3FA-B1FF6558AF3D}
		{0E72E32F-C8A3-4D71-BC47-C8194D9B9DF8} = {E6451C0B-E008-4D19-A3FA-B1FF6558AF3D}
		{2760AEA5-7356-4E52-B7C0-630697DAFE59} = {E6451C0B-E008-4D19-A3FA-B1FF6558AF3D}
		{26CE3F99-B04A-45C6-B9A8-1846E1AC79AD} = {E6451C0B-E008-4D19-A3FA-B1FF6558AF3D}
		{7AC6E134-6BC9-425B-8D8D-A31F22C5A99B} = {E6451C0B-E008-4D19-A3FA-B1FF6558AF3D}
		{D12D9AB7-FF94-4C85-A743-EC7FABDA79C6} = {E6451C0B-E008-4D19-A3FA-B1FF6558AF3D}
		{C3DDFE95-8A88-4CC1-9CA8-AA224033ECAD} = {E6451C0B-E008-4D19-A3FA-B1FF6558AF3D}
	EndGlobalSection
EndGlobal
